PODS:
  - document_scanner (0.0.1):
    - Flutter
  - Flutter (1.0.0)
  - flutter_plugin_android_lifecycle (0.0.1):
    - Flutter

DEPENDENCIES:
  - document_scanner (from `.symlinks/plugins/document_scanner/ios`)
  - Flutter (from `Flutter`)
  - flutter_plugin_android_lifecycle (from `.symlinks/plugins/flutter_plugin_android_lifecycle/ios`)

EXTERNAL SOURCES:
  document_scanner:
    :path: ".symlinks/plugins/document_scanner/ios"
  Flutter:
    :path: Flutter
  flutter_plugin_android_lifecycle:
    :path: ".symlinks/plugins/flutter_plugin_android_lifecycle/ios"

SPEC CHECKSUMS:
  document_scanner: 3b9b9257ec9fe5d7e1f2e1e249c0dd101246d790
  Flutter: 0e3d915762c693b495b44d77113d4970485de6ec
  flutter_plugin_android_lifecycle: 47de533a02850f070f5696a623995e93eddcdb9b

PODFILE CHECKSUM: 3dbe063e9c90a5d7c9e4e76e70a821b9e2c1d271

COCOAPODS: 1.9.3
